
Microsoft Visual Studio Solution File, Format Version 12.00
# Visual Studio Version 16
VisualStudioVersion = 16.0.30002.166
MinimumVisualStudioVersion = 10.0.40219.1
Project("{FAE04EC0-301F-11D3-BF4B-00C04F79EFBC}") = "TestLinQ", "TestLinQ\TestLinQ.csproj", "{89984A60-72DB-4AB6-B269-E6191C4A3FF9}"
EndProject
Global
	GlobalSection(SolutionConfigurationPlatforms) = preSolution
		Debug|Any CPU = Debug|Any CPU
		Release|Any CPU = Release|Any CPU
	EndGlobalSection
	GlobalSection(ProjectConfigurationPlatforms) = postSolution
		{89984A60-72DB-4AB6-B269-E6191C4A3FF9}.Debug|Any CPU.ActiveCfg = Debug|Any CPU
		{89984A60-72DB-4AB6-B269-E6191C4A3FF9}.Debug|Any CPU.Build.0 = Debug|Any CPU
		{89984A60-72DB-4AB6-B269-E6191C4A3FF9}.Release|Any CPU.ActiveCfg = Release|Any CPU
		{89984A60-72DB-4AB6-B269-E6191C4A3FF9}.Release|Any CPU.Build.0 = Release|Any CPU
	EndGlobalSection
	GlobalSection(SolutionProperties) = preSolution
		HideSolutionNode = FALSE
	EndGlobalSection
	GlobalSection(ExtensibilityGlobals) = postSolution
		SolutionGuid = {41087E55-6BEE-4CD9-A4BB-8D919B10AF01}
	EndGlobalSection
EndGlobal
